
Microsoft Visual Studio Solution File, Format Version 12.00
# Visual Studio Version 17
VisualStudioVersion = 17.2.32630.192
MinimumVisualStudioVersion = 10.0.40219.1
Project("{9A19103F-16F7-4668-BE54-9A1E7A4F7556}") = "Session8Testing", "Session-8-partone\Session8Testing.csproj", "{559B68E2-C6D5-4379-971F-2EA61EA855BB}"
EndProject
Project("{9A19103F-16F7-4668-BE54-9A1E7A4F7556}") = "web-api-test", "web-api-test\web-api-test.csproj", "{0F288A33-5436-4007-AFCF-FF2DF1F368F9}"
EndProject
Global
	GlobalSection(SolutionConfigurationPlatforms) = preSolution
		Debug|Any CPU = Debug|Any CPU
		Release|Any CPU = Release|Any CPU
	EndGlobalSection
	GlobalSection(ProjectConfigurationPlatforms) = postSolution
		{559B68E2-C6D5-4379-971F-2EA61EA855BB}.Debug|Any CPU.ActiveCfg = Debug|Any CPU
		{559B68E2-C6D5-4379-971F-2EA61EA855BB}.Debug|Any CPU.Build.0 = Debug|Any CPU
		{559B68E2-C6D5-4379-971F-2EA61EA855BB}.Release|Any CPU.ActiveCfg = Release|Any CPU
		{559B68E2-C6D5-4379-971F-2EA61EA855BB}.Release|Any CPU.Build.0 = Release|Any CPU
		{0F288A33-5436-4007-AFCF-FF2DF1F368F9}.Debug|Any CPU.ActiveCfg = Debug|Any CPU
		{0F288A33-5436-4007-AFCF-FF2DF1F368F9}.Debug|Any CPU.Build.0 = Debug|Any CPU
		{0F288A33-5436-4007-AFCF-FF2DF1F368F9}.Release|Any CPU.ActiveCfg = Release|Any CPU
		{0F288A33-5436-4007-AFCF-FF2DF1F368F9}.Release|Any CPU.Build.0 = Release|Any CPU
	EndGlobalSection
	GlobalSection(SolutionProperties) = preSolution
		HideSolutionNode = FALSE
	EndGlobalSection
	GlobalSection(ExtensibilityGlobals) = postSolution
		SolutionGuid = {F65D0F5B-9C59-4EFA-85E1-60AA86153CB2}
	EndGlobalSection
EndGlobal
